
Microsoft Visual Studio Solution File, Format Version 12.00
# Visual Studio Version 17
VisualStudioVersion = 17.3.32929.385
MinimumVisualStudioVersion = 10.0.40219.1
Project("{FAE04EC0-301F-11D3-BF4B-00C04F79EFBC}") = "RutasEjemplo", "RutasEjemplo\RutasEjemplo.csproj", "{1891BBB0-9746-4E4B-A9CF-51C28DC3CBFD}"
EndProject
Global
	GlobalSection(SolutionConfigurationPlatforms) = preSolution
		Debug|Any CPU = Debug|Any CPU
		Release|Any CPU = Release|Any CPU
	EndGlobalSection
	GlobalSection(ProjectConfigurationPlatforms) = postSolution
		{1891BBB0-9746-4E4B-A9CF-51C28DC3CBFD}.Debug|Any CPU.ActiveCfg = Debug|Any CPU
		{1891BBB0-9746-4E4B-A9CF-51C28DC3CBFD}.Debug|Any CPU.Build.0 = Debug|Any CPU
		{1891BBB0-9746-4E4B-A9CF-51C28DC3CBFD}.Release|Any CPU.ActiveCfg = Release|Any CPU
		{1891BBB0-9746-4E4B-A9CF-51C28DC3CBFD}.Release|Any CPU.Build.0 = Release|Any CPU
	EndGlobalSection
	GlobalSection(SolutionProperties) = preSolution
		HideSolutionNode = FALSE
	EndGlobalSection
	GlobalSection(ExtensibilityGlobals) = postSolution
		SolutionGuid = {87188726-3D54-4838-BB19-A5819C7E1D2A}
	EndGlobalSection
EndGlobal
